// !$*UTF8*$!
{
	archiveVersion = 1;
	classes = {
	};
	objectVersion = 56;
	objects = {

/* Begin PBXBuildFile section */
		A6115A2E2BBF410A00CC04B3 /* WorkoutNotesTableViewCell.swift in Sources */ = {isa = PBXBuildFile; fileRef = A6115A2C2BBF410A00CC04B3 /* WorkoutNotesTableViewCell.swift */; };
		A6115A2F2BBF410A00CC04B3 /* WorkoutNotesTableViewCell.xib in Resources */ = {isa = PBXBuildFile; fileRef = A6115A2D2BBF410A00CC04B3 /* WorkoutNotesTableViewCell.xib */; };
		A627F1D62BC04E920006C7F5 /* WorkoutStreakView.swift in Sources */ = {isa = PBXBuildFile; fileRef = A627F1D52BC04E920006C7F5 /* WorkoutStreakView.swift */; };
		A627F1D82BC04EA60006C7F5 /* WorkoutStreakView.xib in Resources */ = {isa = PBXBuildFile; fileRef = A627F1D72BC04EA60006C7F5 /* WorkoutStreakView.xib */; };
		A627F1DA2BC0522E0006C7F5 /* ViewHelper.swift in Sources */ = {isa = PBXBuildFile; fileRef = A627F1D92BC0522E0006C7F5 /* ViewHelper.swift */; };
		A628F39F2BBEF05400DF5E09 /* WorkoutFooterView.swift in Sources */ = {isa = PBXBuildFile; fileRef = A628F39E2BBEF05400DF5E09 /* WorkoutFooterView.swift */; };
		A628F3A12BBEF64300DF5E09 /* WorkoutFooterView.xib in Resources */ = {isa = PBXBuildFile; fileRef = A628F3A02BBEF64300DF5E09 /* WorkoutFooterView.xib */; };
		A682BA382BBDC68D00F3DD91 /* StringHelper.swift in Sources */ = {isa = PBXBuildFile; fileRef = A682BA372BBDC68D00F3DD91 /* StringHelper.swift */; };
		A68FF29B2BBCB9EF007611D4 /* SelectExerciseTableViewController.swift in Sources */ = {isa = PBXBuildFile; fileRef = A68FF29A2BBCB9EF007611D4 /* SelectExerciseTableViewController.swift */; };
		A68FF29D2BBCBA23007611D4 /* ExerciseTableViewDataSource.swift in Sources */ = {isa = PBXBuildFile; fileRef = A68FF29C2BBCBA23007611D4 /* ExerciseTableViewDataSource.swift */; };
		A68FF29F2BBCC594007611D4 /* WorkoutTableViewDataSource.swift in Sources */ = {isa = PBXBuildFile; fileRef = A68FF29E2BBCC594007611D4 /* WorkoutTableViewDataSource.swift */; };
		A68FF2A22BBCD805007611D4 /* ExerciseGroup+CoreDataClass.swift in Sources */ = {isa = PBXBuildFile; fileRef = A68FF2A02BBCD805007611D4 /* ExerciseGroup+CoreDataClass.swift */; };
		A68FF2A52BBCD983007611D4 /* SelectGroupTableViewController.swift in Sources */ = {isa = PBXBuildFile; fileRef = A68FF2A42BBCD983007611D4 /* SelectGroupTableViewController.swift */; };
		A68FF2A72BBCE579007611D4 /* GroupTableViewDataSource.swift in Sources */ = {isa = PBXBuildFile; fileRef = A68FF2A62BBCE579007611D4 /* GroupTableViewDataSource.swift */; };
		A6BD32062BBC6CD00017FBCF /* AppDelegate.swift in Sources */ = {isa = PBXBuildFile; fileRef = A6BD32052BBC6CD00017FBCF /* AppDelegate.swift */; };
		A6BD32082BBC6CD00017FBCF /* SceneDelegate.swift in Sources */ = {isa = PBXBuildFile; fileRef = A6BD32072BBC6CD00017FBCF /* SceneDelegate.swift */; };
		A6BD320A2BBC6CD00017FBCF /* ExerciseTableViewController.swift in Sources */ = {isa = PBXBuildFile; fileRef = A6BD32092BBC6CD00017FBCF /* ExerciseTableViewController.swift */; };
		A6BD320D2BBC6CD00017FBCF /* Base in Resources */ = {isa = PBXBuildFile; fileRef = A6BD320C2BBC6CD00017FBCF /* Base */; };
		A6BD32102BBC6CD00017FBCF /* altering.xcdatamodeld in Sources */ = {isa = PBXBuildFile; fileRef = A6BD320E2BBC6CD00017FBCF /* altering.xcdatamodeld */; };
		A6BD32122BBC6CD30017FBCF /* Assets.xcassets in Resources */ = {isa = PBXBuildFile; fileRef = A6BD32112BBC6CD30017FBCF /* Assets.xcassets */; };
		A6BD32152BBC6CD30017FBCF /* Base in Resources */ = {isa = PBXBuildFile; fileRef = A6BD32142BBC6CD30017FBCF /* Base */; };
		A6BD32202BBC6CD30017FBCF /* alteringTests.swift in Sources */ = {isa = PBXBuildFile; fileRef = A6BD321F2BBC6CD30017FBCF /* alteringTests.swift */; };
		A6BD322A2BBC6CD30017FBCF /* alteringUITests.swift in Sources */ = {isa = PBXBuildFile; fileRef = A6BD32292BBC6CD30017FBCF /* alteringUITests.swift */; };
		A6BD322C2BBC6CD30017FBCF /* alteringUITestsLaunchTests.swift in Sources */ = {isa = PBXBuildFile; fileRef = A6BD322B2BBC6CD30017FBCF /* alteringUITestsLaunchTests.swift */; };
		A6BD32432BBC70860017FBCF /* Exercise+CoreDataClass.swift in Sources */ = {isa = PBXBuildFile; fileRef = A6BD32412BBC70860017FBCF /* Exercise+CoreDataClass.swift */; };
		A6BD32472BBC72850017FBCF /* EditExerciseViewController.swift in Sources */ = {isa = PBXBuildFile; fileRef = A6BD32462BBC72850017FBCF /* EditExerciseViewController.swift */; };
		A6BD32492BBC7CD70017FBCF /* DataLoader.swift in Sources */ = {isa = PBXBuildFile; fileRef = A6BD32482BBC7CD70017FBCF /* DataLoader.swift */; };
		A6BD324E2BBC8FC90017FBCF /* Workout+CoreDataClass.swift in Sources */ = {isa = PBXBuildFile; fileRef = A6BD324A2BBC8FC90017FBCF /* Workout+CoreDataClass.swift */; };
		A6BD32532BBC90530017FBCF /* WorkoutTableViewController.swift in Sources */ = {isa = PBXBuildFile; fileRef = A6BD32522BBC90530017FBCF /* WorkoutTableViewController.swift */; };
		A6BD32552BBC90780017FBCF /* EditWorkoutTableViewController.swift in Sources */ = {isa = PBXBuildFile; fileRef = A6BD32542BBC90780017FBCF /* EditWorkoutTableViewController.swift */; };
/* End PBXBuildFile section */

/* Begin PBXContainerItemProxy section */
		A6BD321C2BBC6CD30017FBCF /* PBXContainerItemProxy */ = {
			isa = PBXContainerItemProxy;
			containerPortal = A6BD31FA2BBC6CD00017FBCF /* Project object */;
			proxyType = 1;
			remoteGlobalIDString = A6BD32012BBC6CD00017FBCF;
			remoteInfo = altering;
		};
		A6BD32262BBC6CD30017FBCF /* PBXContainerItemProxy */ = {
			isa = PBXContainerItemProxy;
			containerPortal = A6BD31FA2BBC6CD00017FBCF /* Project object */;
			proxyType = 1;
			remoteGlobalIDString = A6BD32012BBC6CD00017FBCF;
			remoteInfo = altering;
		};
/* End PBXContainerItemProxy section */

/* Begin PBXCopyFilesBuildPhase section */
		A63DDB482BC0891500A50E01 /* Embed Foundation Extensions */ = {
			isa = PBXCopyFilesBuildPhase;
			buildActionMask = 2147483647;
			dstPath = "";
			dstSubfolderSpec = 13;
			files = (
			);
			name = "Embed Foundation Extensions";
			runOnlyForDeploymentPostprocessing = 0;
		};
/* End PBXCopyFilesBuildPhase section */

/* Begin PBXFileReference section */
		A6115A2C2BBF410A00CC04B3 /* WorkoutNotesTableViewCell.swift */ = {isa = PBXFileReference; lastKnownFileType = sourcecode.swift; path = WorkoutNotesTableViewCell.swift; sourceTree = "<group>"; };
		A6115A2D2BBF410A00CC04B3 /* WorkoutNotesTableViewCell.xib */ = {isa = PBXFileReference; lastKnownFileType = file.xib; path = WorkoutNotesTableViewCell.xib; sourceTree = "<group>"; };
		A627F1D52BC04E920006C7F5 /* WorkoutStreakView.swift */ = {isa = PBXFileReference; lastKnownFileType = sourcecode.swift; path = WorkoutStreakView.swift; sourceTree = "<group>"; };
		A627F1D72BC04EA60006C7F5 /* WorkoutStreakView.xib */ = {isa = PBXFileReference; lastKnownFileType = file.xib; path = WorkoutStreakView.xib; sourceTree = "<group>"; };
		A627F1D92BC0522E0006C7F5 /* ViewHelper.swift */ = {isa = PBXFileReference; lastKnownFileType = sourcecode.swift; path = ViewHelper.swift; sourceTree = "<group>"; };
		A628F39E2BBEF05400DF5E09 /* WorkoutFooterView.swift */ = {isa = PBXFileReference; lastKnownFileType = sourcecode.swift; path = WorkoutFooterView.swift; sourceTree = "<group>"; };
		A628F3A02BBEF64300DF5E09 /* WorkoutFooterView.xib */ = {isa = PBXFileReference; lastKnownFileType = file.xib; path = WorkoutFooterView.xib; sourceTree = "<group>"; };
		A63DDB352BC0891300A50E01 /* WidgetKit.framework */ = {isa = PBXFileReference; lastKnownFileType = wrapper.framework; name = WidgetKit.framework; path = System/Library/Frameworks/WidgetKit.framework; sourceTree = SDKROOT; };
		A63DDB372BC0891300A50E01 /* SwiftUI.framework */ = {isa = PBXFileReference; lastKnownFileType = wrapper.framework; name = SwiftUI.framework; path = System/Library/Frameworks/SwiftUI.framework; sourceTree = SDKROOT; };
		A682BA372BBDC68D00F3DD91 /* StringHelper.swift */ = {isa = PBXFileReference; lastKnownFileType = sourcecode.swift; path = StringHelper.swift; sourceTree = "<group>"; };
		A68FF29A2BBCB9EF007611D4 /* SelectExerciseTableViewController.swift */ = {isa = PBXFileReference; lastKnownFileType = sourcecode.swift; path = SelectExerciseTableViewController.swift; sourceTree = "<group>"; };
		A68FF29C2BBCBA23007611D4 /* ExerciseTableViewDataSource.swift */ = {isa = PBXFileReference; lastKnownFileType = sourcecode.swift; path = ExerciseTableViewDataSource.swift; sourceTree = "<group>"; };
		A68FF29E2BBCC594007611D4 /* WorkoutTableViewDataSource.swift */ = {isa = PBXFileReference; lastKnownFileType = sourcecode.swift; path = WorkoutTableViewDataSource.swift; sourceTree = "<group>"; };
		A68FF2A02BBCD805007611D4 /* ExerciseGroup+CoreDataClass.swift */ = {isa = PBXFileReference; lastKnownFileType = sourcecode.swift; path = "ExerciseGroup+CoreDataClass.swift"; sourceTree = "<group>"; };
		A68FF2A42BBCD983007611D4 /* SelectGroupTableViewController.swift */ = {isa = PBXFileReference; lastKnownFileType = sourcecode.swift; path = SelectGroupTableViewController.swift; sourceTree = "<group>"; };
		A68FF2A62BBCE579007611D4 /* GroupTableViewDataSource.swift */ = {isa = PBXFileReference; lastKnownFileType = sourcecode.swift; path = GroupTableViewDataSource.swift; sourceTree = "<group>"; };
		A6BD32022BBC6CD00017FBCF /* Altered.app */ = {isa = PBXFileReference; explicitFileType = wrapper.application; includeInIndex = 0; path = Altered.app; sourceTree = BUILT_PRODUCTS_DIR; };
		A6BD32052BBC6CD00017FBCF /* AppDelegate.swift */ = {isa = PBXFileReference; lastKnownFileType = sourcecode.swift; path = AppDelegate.swift; sourceTree = "<group>"; };
		A6BD32072BBC6CD00017FBCF /* SceneDelegate.swift */ = {isa = PBXFileReference; lastKnownFileType = sourcecode.swift; path = SceneDelegate.swift; sourceTree = "<group>"; };
		A6BD32092BBC6CD00017FBCF /* ExerciseTableViewController.swift */ = {isa = PBXFileReference; lastKnownFileType = sourcecode.swift; path = ExerciseTableViewController.swift; sourceTree = "<group>"; };
		A6BD320C2BBC6CD00017FBCF /* Base */ = {isa = PBXFileReference; lastKnownFileType = file.storyboard; name = Base; path = Base.lproj/Main.storyboard; sourceTree = "<group>"; };
		A6BD320F2BBC6CD00017FBCF /* altering.xcdatamodel */ = {isa = PBXFileReference; lastKnownFileType = wrapper.xcdatamodel; path = altering.xcdatamodel; sourceTree = "<group>"; };
		A6BD32112BBC6CD30017FBCF /* Assets.xcassets */ = {isa = PBXFileReference; lastKnownFileType = folder.assetcatalog; path = Assets.xcassets; sourceTree = "<group>"; };
		A6BD32142BBC6CD30017FBCF /* Base */ = {isa = PBXFileReference; lastKnownFileType = file.storyboard; name = Base; path = Base.lproj/LaunchScreen.storyboard; sourceTree = "<group>"; };
		A6BD32162BBC6CD30017FBCF /* Info.plist */ = {isa = PBXFileReference; lastKnownFileType = text.plist.xml; path = Info.plist; sourceTree = "<group>"; };
		A6BD321B2BBC6CD30017FBCF /* alteringTests.xctest */ = {isa = PBXFileReference; explicitFileType = wrapper.cfbundle; includeInIndex = 0; path = alteringTests.xctest; sourceTree = BUILT_PRODUCTS_DIR; };
		A6BD321F2BBC6CD30017FBCF /* alteringTests.swift */ = {isa = PBXFileReference; lastKnownFileType = sourcecode.swift; path = alteringTests.swift; sourceTree = "<group>"; };
		A6BD32252BBC6CD30017FBCF /* alteringUITests.xctest */ = {isa = PBXFileReference; explicitFileType = wrapper.cfbundle; includeInIndex = 0; path = alteringUITests.xctest; sourceTree = BUILT_PRODUCTS_DIR; };
		A6BD32292BBC6CD30017FBCF /* alteringUITests.swift */ = {isa = PBXFileReference; lastKnownFileType = sourcecode.swift; path = alteringUITests.swift; sourceTree = "<group>"; };
		A6BD322B2BBC6CD30017FBCF /* alteringUITestsLaunchTests.swift */ = {isa = PBXFileReference; lastKnownFileType = sourcecode.swift; path = alteringUITestsLaunchTests.swift; sourceTree = "<group>"; };
		A6BD32412BBC70860017FBCF /* Exercise+CoreDataClass.swift */ = {isa = PBXFileReference; lastKnownFileType = sourcecode.swift; path = "Exercise+CoreDataClass.swift"; sourceTree = "<group>"; };
		A6BD32462BBC72850017FBCF /* EditExerciseViewController.swift */ = {isa = PBXFileReference; lastKnownFileType = sourcecode.swift; path = EditExerciseViewController.swift; sourceTree = "<group>"; };
		A6BD32482BBC7CD70017FBCF /* DataLoader.swift */ = {isa = PBXFileReference; lastKnownFileType = sourcecode.swift; path = DataLoader.swift; sourceTree = "<group>"; };
		A6BD324A2BBC8FC90017FBCF /* Workout+CoreDataClass.swift */ = {isa = PBXFileReference; lastKnownFileType = sourcecode.swift; path = "Workout+CoreDataClass.swift"; sourceTree = "<group>"; };
		A6BD32522BBC90530017FBCF /* WorkoutTableViewController.swift */ = {isa = PBXFileReference; lastKnownFileType = sourcecode.swift; path = WorkoutTableViewController.swift; sourceTree = "<group>"; };
		A6BD32542BBC90780017FBCF /* EditWorkoutTableViewController.swift */ = {isa = PBXFileReference; lastKnownFileType = sourcecode.swift; path = EditWorkoutTableViewController.swift; sourceTree = "<group>"; };
/* End PBXFileReference section */

/* Begin PBXFrameworksBuildPhase section */
		A6BD31FF2BBC6CD00017FBCF /* Frameworks */ = {
			isa = PBXFrameworksBuildPhase;
			buildActionMask = 2147483647;
			files = (
			);
			runOnlyForDeploymentPostprocessing = 0;
		};
		A6BD32182BBC6CD30017FBCF /* Frameworks */ = {
			isa = PBXFrameworksBuildPhase;
			buildActionMask = 2147483647;
			files = (
			);
			runOnlyForDeploymentPostprocessing = 0;
		};
		A6BD32222BBC6CD30017FBCF /* Frameworks */ = {
			isa = PBXFrameworksBuildPhase;
			buildActionMask = 2147483647;
			files = (
			);
			runOnlyForDeploymentPostprocessing = 0;
		};
/* End PBXFrameworksBuildPhase section */

/* Begin PBXGroup section */
		A63DDB342BC0891300A50E01 /* Frameworks */ = {
			isa = PBXGroup;
			children = (
				A63DDB352BC0891300A50E01 /* WidgetKit.framework */,
				A63DDB372BC0891300A50E01 /* SwiftUI.framework */,
			);
			name = Frameworks;
			sourceTree = "<group>";
		};
		A682BA362BBDC68100F3DD91 /* helpers */ = {
			isa = PBXGroup;
			children = (
				A682BA372BBDC68D00F3DD91 /* StringHelper.swift */,
				A627F1D92BC0522E0006C7F5 /* ViewHelper.swift */,
			);
			path = helpers;
			sourceTree = "<group>";
		};
		A6BD31F92BBC6CD00017FBCF = {
			isa = PBXGroup;
			children = (
				A6BD32042BBC6CD00017FBCF /* altering */,
				A6BD321E2BBC6CD30017FBCF /* alteringTests */,
				A6BD32282BBC6CD30017FBCF /* alteringUITests */,
				A63DDB342BC0891300A50E01 /* Frameworks */,
				A6BD32032BBC6CD00017FBCF /* Products */,
			);
			sourceTree = "<group>";
		};
		A6BD32032BBC6CD00017FBCF /* Products */ = {
			isa = PBXGroup;
			children = (
				A6BD32022BBC6CD00017FBCF /* Altered.app */,
				A6BD321B2BBC6CD30017FBCF /* alteringTests.xctest */,
				A6BD32252BBC6CD30017FBCF /* alteringUITests.xctest */,
			);
			name = Products;
			sourceTree = "<group>";
		};
		A6BD32042BBC6CD00017FBCF /* altering */ = {
			isa = PBXGroup;
			children = (
				A682BA362BBDC68100F3DD91 /* helpers */,
				A6BD32452BBC711A0017FBCF /* dataLoading */,
				A6BD32162BBC6CD30017FBCF /* Info.plist */,
				A6BD32402BBC70490017FBCF /* model */,
				A6BD323B2BBC6EE80017FBCF /* views */,
				A6BD323A2BBC6D760017FBCF /* other */,
				A6BD32392BBC6D650017FBCF /* storyboard */,
				A6BD32382BBC6D560017FBCF /* controllers */,
			);
			path = altering;
			sourceTree = "<group>";
		};
		A6BD321E2BBC6CD30017FBCF /* alteringTests */ = {
			isa = PBXGroup;
			children = (
				A6BD321F2BBC6CD30017FBCF /* alteringTests.swift */,
			);
			path = alteringTests;
			sourceTree = "<group>";
		};
		A6BD32282BBC6CD30017FBCF /* alteringUITests */ = {
			isa = PBXGroup;
			children = (
				A6BD32292BBC6CD30017FBCF /* alteringUITests.swift */,
				A6BD322B2BBC6CD30017FBCF /* alteringUITestsLaunchTests.swift */,
			);
			path = alteringUITests;
			sourceTree = "<group>";
		};
		A6BD32382BBC6D560017FBCF /* controllers */ = {
			isa = PBXGroup;
			children = (
				A6BD32092BBC6CD00017FBCF /* ExerciseTableViewController.swift */,
				A6BD32462BBC72850017FBCF /* EditExerciseViewController.swift */,
				A6BD32522BBC90530017FBCF /* WorkoutTableViewController.swift */,
				A6BD32542BBC90780017FBCF /* EditWorkoutTableViewController.swift */,
				A68FF29A2BBCB9EF007611D4 /* SelectExerciseTableViewController.swift */,
				A68FF2A42BBCD983007611D4 /* SelectGroupTableViewController.swift */,
			);
			path = controllers;
			sourceTree = "<group>";
		};
		A6BD32392BBC6D650017FBCF /* storyboard */ = {
			isa = PBXGroup;
			children = (
				A6BD320B2BBC6CD00017FBCF /* Main.storyboard */,
				A6BD32132BBC6CD30017FBCF /* LaunchScreen.storyboard */,
			);
			path = storyboard;
			sourceTree = "<group>";
		};
		A6BD323A2BBC6D760017FBCF /* other */ = {
			isa = PBXGroup;
			children = (
				A6BD32052BBC6CD00017FBCF /* AppDelegate.swift */,
				A6BD32072BBC6CD00017FBCF /* SceneDelegate.swift */,
				A6BD32112BBC6CD30017FBCF /* Assets.xcassets */,
				A6BD320E2BBC6CD00017FBCF /* altering.xcdatamodeld */,
			);
			path = other;
			sourceTree = "<group>";
		};
		A6BD323B2BBC6EE80017FBCF /* views */ = {
			isa = PBXGroup;
			children = (
				A628F39E2BBEF05400DF5E09 /* WorkoutFooterView.swift */,
				A628F3A02BBEF64300DF5E09 /* WorkoutFooterView.xib */,
				A6115A2C2BBF410A00CC04B3 /* WorkoutNotesTableViewCell.swift */,
				A6115A2D2BBF410A00CC04B3 /* WorkoutNotesTableViewCell.xib */,
				A627F1D52BC04E920006C7F5 /* WorkoutStreakView.swift */,
				A627F1D72BC04EA60006C7F5 /* WorkoutStreakView.xib */,
			);
			path = views;
			sourceTree = "<group>";
		};
		A6BD32402BBC70490017FBCF /* model */ = {
			isa = PBXGroup;
			children = (
				A68FF2A02BBCD805007611D4 /* ExerciseGroup+CoreDataClass.swift */,
				A6BD324A2BBC8FC90017FBCF /* Workout+CoreDataClass.swift */,
				A6BD32412BBC70860017FBCF /* Exercise+CoreDataClass.swift */,
			);
			path = model;
			sourceTree = "<group>";
		};
		A6BD32452BBC711A0017FBCF /* dataLoading */ = {
			isa = PBXGroup;
			children = (
				A6BD32482BBC7CD70017FBCF /* DataLoader.swift */,
				A68FF29C2BBCBA23007611D4 /* ExerciseTableViewDataSource.swift */,
				A68FF29E2BBCC594007611D4 /* WorkoutTableViewDataSource.swift */,
				A68FF2A62BBCE579007611D4 /* GroupTableViewDataSource.swift */,
			);
			path = dataLoading;
			sourceTree = "<group>";
		};
/* End PBXGroup section */

/* Begin PBXNativeTarget section */
		A6BD32012BBC6CD00017FBCF /* Altered */ = {
			isa = PBXNativeTarget;
			buildConfigurationList = A6BD322F2BBC6CD30017FBCF /* Build configuration list for PBXNativeTarget "Altered" */;
			buildPhases = (
				A6BD31FE2BBC6CD00017FBCF /* Sources */,
				A6BD31FF2BBC6CD00017FBCF /* Frameworks */,
				A6BD32002BBC6CD00017FBCF /* Resources */,
				A63DDB482BC0891500A50E01 /* Embed Foundation Extensions */,
			);
			buildRules = (
			);
			dependencies = (
			);
			name = Altered;
			productName = altering;
			productReference = A6BD32022BBC6CD00017FBCF /* Altered.app */;
			productType = "com.apple.product-type.application";
		};
		A6BD321A2BBC6CD30017FBCF /* alteringTests */ = {
			isa = PBXNativeTarget;
			buildConfigurationList = A6BD32322BBC6CD30017FBCF /* Build configuration list for PBXNativeTarget "alteringTests" */;
			buildPhases = (
				A6BD32172BBC6CD30017FBCF /* Sources */,
				A6BD32182BBC6CD30017FBCF /* Frameworks */,
				A6BD32192BBC6CD30017FBCF /* Resources */,
			);
			buildRules = (
			);
			dependencies = (
				A6BD321D2BBC6CD30017FBCF /* PBXTargetDependency */,
			);
			name = alteringTests;
			productName = alteringTests;
			productReference = A6BD321B2BBC6CD30017FBCF /* alteringTests.xctest */;
			productType = "com.apple.product-type.bundle.unit-test";
		};
		A6BD32242BBC6CD30017FBCF /* alteringUITests */ = {
			isa = PBXNativeTarget;
			buildConfigurationList = A6BD32352BBC6CD30017FBCF /* Build configuration list for PBXNativeTarget "alteringUITests" */;
			buildPhases = (
				A6BD32212BBC6CD30017FBCF /* Sources */,
				A6BD32222BBC6CD30017FBCF /* Frameworks */,
				A6BD32232BBC6CD30017FBCF /* Resources */,
			);
			buildRules = (
			);
			dependencies = (
				A6BD32272BBC6CD30017FBCF /* PBXTargetDependency */,
			);
			name = alteringUITests;
			productName = alteringUITests;
			productReference = A6BD32252BBC6CD30017FBCF /* alteringUITests.xctest */;
			productType = "com.apple.product-type.bundle.ui-testing";
		};
/* End PBXNativeTarget section */

/* Begin PBXProject section */
		A6BD31FA2BBC6CD00017FBCF /* Project object */ = {
			isa = PBXProject;
			attributes = {
				BuildIndependentTargetsInParallel = 1;
				LastSwiftUpdateCheck = 1530;
				LastUpgradeCheck = 1530;
				TargetAttributes = {
					A6BD32012BBC6CD00017FBCF = {
						CreatedOnToolsVersion = 15.3;
					};
					A6BD321A2BBC6CD30017FBCF = {
						CreatedOnToolsVersion = 15.3;
						TestTargetID = A6BD32012BBC6CD00017FBCF;
					};
					A6BD32242BBC6CD30017FBCF = {
						CreatedOnToolsVersion = 15.3;
						TestTargetID = A6BD32012BBC6CD00017FBCF;
					};
				};
			};
			buildConfigurationList = A6BD31FD2BBC6CD00017FBCF /* Build configuration list for PBXProject "altering" */;
			compatibilityVersion = "Xcode 14.0";
			developmentRegion = en;
			hasScannedForEncodings = 0;
			knownRegions = (
				en,
				Base,
			);
			mainGroup = A6BD31F92BBC6CD00017FBCF;
			productRefGroup = A6BD32032BBC6CD00017FBCF /* Products */;
			projectDirPath = "";
			projectRoot = "";
			targets = (
				A6BD32012BBC6CD00017FBCF /* Altered */,
				A6BD321A2BBC6CD30017FBCF /* alteringTests */,
				A6BD32242BBC6CD30017FBCF /* alteringUITests */,
			);
		};
/* End PBXProject section */

/* Begin PBXResourcesBuildPhase section */
		A6BD32002BBC6CD00017FBCF /* Resources */ = {
			isa = PBXResourcesBuildPhase;
			buildActionMask = 2147483647;
			files = (
				A6115A2F2BBF410A00CC04B3 /* WorkoutNotesTableViewCell.xib in Resources */,
				A6BD32122BBC6CD30017FBCF /* Assets.xcassets in Resources */,
				A6BD32152BBC6CD30017FBCF /* Base in Resources */,
				A6BD320D2BBC6CD00017FBCF /* Base in Resources */,
				A627F1D82BC04EA60006C7F5 /* WorkoutStreakView.xib in Resources */,
				A628F3A12BBEF64300DF5E09 /* WorkoutFooterView.xib in Resources */,
			);
			runOnlyForDeploymentPostprocessing = 0;
		};
		A6BD32192BBC6CD30017FBCF /* Resources */ = {
			isa = PBXResourcesBuildPhase;
			buildActionMask = 2147483647;
			files = (
			);
			runOnlyForDeploymentPostprocessing = 0;
		};
		A6BD32232BBC6CD30017FBCF /* Resources */ = {
			isa = PBXResourcesBuildPhase;
			buildActionMask = 2147483647;
			files = (
			);
			runOnlyForDeploymentPostprocessing = 0;
		};
/* End PBXResourcesBuildPhase section */

/* Begin PBXSourcesBuildPhase section */
		A6BD31FE2BBC6CD00017FBCF /* Sources */ = {
			isa = PBXSourcesBuildPhase;
			buildActionMask = 2147483647;
			files = (
				A6BD32432BBC70860017FBCF /* Exercise+CoreDataClass.swift in Sources */,
				A628F39F2BBEF05400DF5E09 /* WorkoutFooterView.swift in Sources */,
				A627F1D62BC04E920006C7F5 /* WorkoutStreakView.swift in Sources */,
				A68FF29B2BBCB9EF007611D4 /* SelectExerciseTableViewController.swift in Sources */,
				A6BD320A2BBC6CD00017FBCF /* ExerciseTableViewController.swift in Sources */,
				A68FF29F2BBCC594007611D4 /* WorkoutTableViewDataSource.swift in Sources */,
				A68FF2A72BBCE579007611D4 /* GroupTableViewDataSource.swift in Sources */,
				A6BD32532BBC90530017FBCF /* WorkoutTableViewController.swift in Sources */,
				A68FF29D2BBCBA23007611D4 /* ExerciseTableViewDataSource.swift in Sources */,
				A6BD32492BBC7CD70017FBCF /* DataLoader.swift in Sources */,
				A682BA382BBDC68D00F3DD91 /* StringHelper.swift in Sources */,
				A6BD32062BBC6CD00017FBCF /* AppDelegate.swift in Sources */,
				A68FF2A22BBCD805007611D4 /* ExerciseGroup+CoreDataClass.swift in Sources */,
				A627F1DA2BC0522E0006C7F5 /* ViewHelper.swift in Sources */,
				A6BD32082BBC6CD00017FBCF /* SceneDelegate.swift in Sources */,
				A6BD32102BBC6CD00017FBCF /* altering.xcdatamodeld in Sources */,
				A6BD32472BBC72850017FBCF /* EditExerciseViewController.swift in Sources */,
				A6115A2E2BBF410A00CC04B3 /* WorkoutNotesTableViewCell.swift in Sources */,
				A68FF2A52BBCD983007611D4 /* SelectGroupTableViewController.swift in Sources */,
				A6BD324E2BBC8FC90017FBCF /* Workout+CoreDataClass.swift in Sources */,
				A6BD32552BBC90780017FBCF /* EditWorkoutTableViewController.swift in Sources */,
			);
			runOnlyForDeploymentPostprocessing = 0;
		};
		A6BD32172BBC6CD30017FBCF /* Sources */ = {
			isa = PBXSourcesBuildPhase;
			buildActionMask = 2147483647;
			files = (
				A6BD32202BBC6CD30017FBCF /* alteringTests.swift in Sources */,
			);
			runOnlyForDeploymentPostprocessing = 0;
		};
		A6BD32212BBC6CD30017FBCF /* Sources */ = {
			isa = PBXSourcesBuildPhase;
			buildActionMask = 2147483647;
			files = (
				A6BD322C2BBC6CD30017FBCF /* alteringUITestsLaunchTests.swift in Sources */,
				A6BD322A2BBC6CD30017FBCF /* alteringUITests.swift in Sources */,
			);
			runOnlyForDeploymentPostprocessing = 0;
		};
/* End PBXSourcesBuildPhase section */

/* Begin PBXTargetDependency section */
		A6BD321D2BBC6CD30017FBCF /* PBXTargetDependency */ = {
			isa = PBXTargetDependency;
			target = A6BD32012BBC6CD00017FBCF /* Altered */;
			targetProxy = A6BD321C2BBC6CD30017FBCF /* PBXContainerItemProxy */;
		};
		A6BD32272BBC6CD30017FBCF /* PBXTargetDependency */ = {
			isa = PBXTargetDependency;
			target = A6BD32012BBC6CD00017FBCF /* Altered */;
			targetProxy = A6BD32262BBC6CD30017FBCF /* PBXContainerItemProxy */;
		};
/* End PBXTargetDependency section */

/* Begin PBXVariantGroup section */
		A6BD320B2BBC6CD00017FBCF /* Main.storyboard */ = {
			isa = PBXVariantGroup;
			children = (
				A6BD320C2BBC6CD00017FBCF /* Base */,
			);
			name = Main.storyboard;
			sourceTree = "<group>";
		};
		A6BD32132BBC6CD30017FBCF /* LaunchScreen.storyboard */ = {
			isa = PBXVariantGroup;
			children = (
				A6BD32142BBC6CD30017FBCF /* Base */,
			);
			name = LaunchScreen.storyboard;
			sourceTree = "<group>";
		};
/* End PBXVariantGroup section */

/* Begin XCBuildConfiguration section */
		A6BD322D2BBC6CD30017FBCF /* Debug */ = {
			isa = XCBuildConfiguration;
			buildSettings = {
				ALWAYS_SEARCH_USER_PATHS = NO;
				ASSETCATALOG_COMPILER_GENERATE_SWIFT_ASSET_SYMBOL_EXTENSIONS = YES;
				CLANG_ANALYZER_NONNULL = YES;
				CLANG_ANALYZER_NUMBER_OBJECT_CONVERSION = YES_AGGRESSIVE;
				CLANG_CXX_LANGUAGE_STANDARD = "gnu++20";
				CLANG_ENABLE_MODULES = YES;
				CLANG_ENABLE_OBJC_ARC = YES;
				CLANG_ENABLE_OBJC_WEAK = YES;
				CLANG_WARN_BLOCK_CAPTURE_AUTORELEASING = YES;
				CLANG_WARN_BOOL_CONVERSION = YES;
				CLANG_WARN_COMMA = YES;
				CLANG_WARN_CONSTANT_CONVERSION = YES;
				CLANG_WARN_DEPRECATED_OBJC_IMPLEMENTATIONS = YES;
				CLANG_WARN_DIRECT_OBJC_ISA_USAGE = YES_ERROR;
				CLANG_WARN_DOCUMENTATION_COMMENTS = YES;
				CLANG_WARN_EMPTY_BODY = YES;
				CLANG_WARN_ENUM_CONVERSION = YES;
				CLANG_WARN_INFINITE_RECURSION = YES;
				CLANG_WARN_INT_CONVERSION = YES;
				CLANG_WARN_NON_LITERAL_NULL_CONVERSION = YES;
				CLANG_WARN_OBJC_IMPLICIT_RETAIN_SELF = YES;
				CLANG_WARN_OBJC_LITERAL_CONVERSION = YES;
				CLANG_WARN_OBJC_ROOT_CLASS = YES_ERROR;
				CLANG_WARN_QUOTED_INCLUDE_IN_FRAMEWORK_HEADER = YES;
				CLANG_WARN_RANGE_LOOP_ANALYSIS = YES;
				CLANG_WARN_STRICT_PROTOTYPES = YES;
				CLANG_WARN_SUSPICIOUS_MOVE = YES;
				CLANG_WARN_UNGUARDED_AVAILABILITY = YES_AGGRESSIVE;
				CLANG_WARN_UNREACHABLE_CODE = YES;
				CLANG_WARN__DUPLICATE_METHOD_MATCH = YES;
				COPY_PHASE_STRIP = NO;
				DEBUG_INFORMATION_FORMAT = dwarf;
				ENABLE_STRICT_OBJC_MSGSEND = YES;
				ENABLE_TESTABILITY = YES;
				ENABLE_USER_SCRIPT_SANDBOXING = YES;
				GCC_C_LANGUAGE_STANDARD = gnu17;
				GCC_DYNAMIC_NO_PIC = NO;
				GCC_NO_COMMON_BLOCKS = YES;
				GCC_OPTIMIZATION_LEVEL = 0;
				GCC_PREPROCESSOR_DEFINITIONS = (
					"DEBUG=1",
					"$(inherited)",
				);
				GCC_WARN_64_TO_32_BIT_CONVERSION = YES;
				GCC_WARN_ABOUT_RETURN_TYPE = YES_ERROR;
				GCC_WARN_UNDECLARED_SELECTOR = YES;
				GCC_WARN_UNINITIALIZED_AUTOS = YES_AGGRESSIVE;
				GCC_WARN_UNUSED_FUNCTION = YES;
				GCC_WARN_UNUSED_VARIABLE = YES;
				IPHONEOS_DEPLOYMENT_TARGET = 17.4;
				LOCALIZATION_PREFERS_STRING_CATALOGS = YES;
				MTL_ENABLE_DEBUG_INFO = INCLUDE_SOURCE;
				MTL_FAST_MATH = YES;
				ONLY_ACTIVE_ARCH = YES;
				SDKROOT = iphoneos;
				SWIFT_ACTIVE_COMPILATION_CONDITIONS = "DEBUG $(inherited)";
				SWIFT_OPTIMIZATION_LEVEL = "-Onone";
			};
			name = Debug;
		};
		A6BD322E2BBC6CD30017FBCF /* Release */ = {
			isa = XCBuildConfiguration;
			buildSettings = {
				ALWAYS_SEARCH_USER_PATHS = NO;
				ASSETCATALOG_COMPILER_GENERATE_SWIFT_ASSET_SYMBOL_EXTENSIONS = YES;
				CLANG_ANALYZER_NONNULL = YES;
				CLANG_ANALYZER_NUMBER_OBJECT_CONVERSION = YES_AGGRESSIVE;
				CLANG_CXX_LANGUAGE_STANDARD = "gnu++20";
				CLANG_ENABLE_MODULES = YES;
				CLANG_ENABLE_OBJC_ARC = YES;
				CLANG_ENABLE_OBJC_WEAK = YES;
				CLANG_WARN_BLOCK_CAPTURE_AUTORELEASING = YES;
				CLANG_WARN_BOOL_CONVERSION = YES;
				CLANG_WARN_COMMA = YES;
				CLANG_WARN_CONSTANT_CONVERSION = YES;
				CLANG_WARN_DEPRECATED_OBJC_IMPLEMENTATIONS = YES;
				CLANG_WARN_DIRECT_OBJC_ISA_USAGE = YES_ERROR;
				CLANG_WARN_DOCUMENTATION_COMMENTS = YES;
				CLANG_WARN_EMPTY_BODY = YES;
				CLANG_WARN_ENUM_CONVERSION = YES;
				CLANG_WARN_INFINITE_RECURSION = YES;
				CLANG_WARN_INT_CONVERSION = YES;
				CLANG_WARN_NON_LITERAL_NULL_CONVERSION = YES;
				CLANG_WARN_OBJC_IMPLICIT_RETAIN_SELF = YES;
				CLANG_WARN_OBJC_LITERAL_CONVERSION = YES;
				CLANG_WARN_OBJC_ROOT_CLASS = YES_ERROR;
				CLANG_WARN_QUOTED_INCLUDE_IN_FRAMEWORK_HEADER = YES;
				CLANG_WARN_RANGE_LOOP_ANALYSIS = YES;
				CLANG_WARN_STRICT_PROTOTYPES = YES;
				CLANG_WARN_SUSPICIOUS_MOVE = YES;
				CLANG_WARN_UNGUARDED_AVAILABILITY = YES_AGGRESSIVE;
				CLANG_WARN_UNREACHABLE_CODE = YES;
				CLANG_WARN__DUPLICATE_METHOD_MATCH = YES;
				COPY_PHASE_STRIP = NO;
				DEBUG_INFORMATION_FORMAT = "dwarf-with-dsym";
				ENABLE_NS_ASSERTIONS = NO;
				ENABLE_STRICT_OBJC_MSGSEND = YES;
				ENABLE_USER_SCRIPT_SANDBOXING = YES;
				GCC_C_LANGUAGE_STANDARD = gnu17;
				GCC_NO_COMMON_BLOCKS = YES;
				GCC_WARN_64_TO_32_BIT_CONVERSION = YES;
				GCC_WARN_ABOUT_RETURN_TYPE = YES_ERROR;
				GCC_WARN_UNDECLARED_SELECTOR = YES;
				GCC_WARN_UNINITIALIZED_AUTOS = YES_AGGRESSIVE;
				GCC_WARN_UNUSED_FUNCTION = YES;
				GCC_WARN_UNUSED_VARIABLE = YES;
				IPHONEOS_DEPLOYMENT_TARGET = 17.4;
				LOCALIZATION_PREFERS_STRING_CATALOGS = YES;
				MTL_ENABLE_DEBUG_INFO = NO;
				MTL_FAST_MATH = YES;
				SDKROOT = iphoneos;
				SWIFT_COMPILATION_MODE = wholemodule;
				VALIDATE_PRODUCT = YES;
			};
			name = Release;
		};
		A6BD32302BBC6CD30017FBCF /* Debug */ = {
			isa = XCBuildConfiguration;
			buildSettings = {
				ALWAYS_EMBED_SWIFT_STANDARD_LIBRARIES = YES;
				ASSETCATALOG_COMPILER_APPICON_NAME = AppIcon;
				ASSETCATALOG_COMPILER_GLOBAL_ACCENT_COLOR_NAME = AccentColor;
				CODE_SIGN_STYLE = Automatic;
				CURRENT_PROJECT_VERSION = 1;
				DEVELOPMENT_TEAM = ZJVE8XU9RD;
				GENERATE_INFOPLIST_FILE = YES;
				INFOPLIST_FILE = altering/Info.plist;
				INFOPLIST_KEY_CFBundleDisplayName = Altered;
				INFOPLIST_KEY_UIApplicationSupportsIndirectInputEvents = YES;
				INFOPLIST_KEY_UILaunchStoryboardName = LaunchScreen;
				INFOPLIST_KEY_UIMainStoryboardFile = Main;
				INFOPLIST_KEY_UISupportedInterfaceOrientations_iPad = "UIInterfaceOrientationPortrait UIInterfaceOrientationPortraitUpsideDown UIInterfaceOrientationLandscapeLeft UIInterfaceOrientationLandscapeRight";
				INFOPLIST_KEY_UISupportedInterfaceOrientations_iPhone = "UIInterfaceOrientationPortrait UIInterfaceOrientationLandscapeLeft UIInterfaceOrientationLandscapeRight";
				IPHONEOS_DEPLOYMENT_TARGET = 17.0;
				LD_RUNPATH_SEARCH_PATHS = (
					"$(inherited)",
					"@executable_path/Frameworks",
				);
				MARKETING_VERSION = 1.0;
				PRODUCT_BUNDLE_IDENTIFIER = alter.altering;
				PRODUCT_NAME = "$(TARGET_NAME)";
				SWIFT_EMIT_LOC_STRINGS = YES;
				SWIFT_VERSION = 5.0;
				TARGETED_DEVICE_FAMILY = "1,2";
			};
			name = Debug;
		};
		A6BD32312BBC6CD30017FBCF /* Release */ = {
			isa = XCBuildConfiguration;
			buildSettings = {
				ALWAYS_EMBED_SWIFT_STANDARD_LIBRARIES = YES;
				ASSETCATALOG_COMPILER_APPICON_NAME = AppIcon;
				ASSETCATALOG_COMPILER_GLOBAL_ACCENT_COLOR_NAME = AccentColor;
				CODE_SIGN_STYLE = Automatic;
				CURRENT_PROJECT_VERSION = 1;
				DEVELOPMENT_TEAM = ZJVE8XU9RD;
				GENERATE_INFOPLIST_FILE = YES;
				INFOPLIST_FILE = altering/Info.plist;
				INFOPLIST_KEY_CFBundleDisplayName = Altered;
				INFOPLIST_KEY_UIApplicationSupportsIndirectInputEvents = YES;
				INFOPLIST_KEY_UILaunchStoryboardName = LaunchScreen;
				INFOPLIST_KEY_UIMainStoryboardFile = Main;
				INFOPLIST_KEY_UISupportedInterfaceOrientations_iPad = "UIInterfaceOrientationPortrait UIInterfaceOrientationPortraitUpsideDown UIInterfaceOrientationLandscapeLeft UIInterfaceOrientationLandscapeRight";
				INFOPLIST_KEY_UISupportedInterfaceOrientations_iPhone = "UIInterfaceOrientationPortrait UIInterfaceOrientationLandscapeLeft UIInterfaceOrientationLandscapeRight";
				IPHONEOS_DEPLOYMENT_TARGET = 17.0;
				LD_RUNPATH_SEARCH_PATHS = (
					"$(inherited)",
					"@executable_path/Frameworks",
				);
				MARKETING_VERSION = 1.0;
				PRODUCT_BUNDLE_IDENTIFIER = alter.altering;
				PRODUCT_NAME = "$(TARGET_NAME)";
				SWIFT_EMIT_LOC_STRINGS = YES;
				SWIFT_VERSION = 5.0;
				TARGETED_DEVICE_FAMILY = "1,2";
			};
			name = Release;
		};
		A6BD32332BBC6CD30017FBCF /* Debug */ = {
			isa = XCBuildConfiguration;
			buildSettings = {
				ALWAYS_EMBED_SWIFT_STANDARD_LIBRARIES = YES;
				BUNDLE_LOADER = "$(TEST_HOST)";
				CODE_SIGN_STYLE = Automatic;
				CURRENT_PROJECT_VERSION = 1;
				DEVELOPMENT_TEAM = ZJVE8XU9RD;
				GENERATE_INFOPLIST_FILE = YES;
				IPHONEOS_DEPLOYMENT_TARGET = 17.4;
				MARKETING_VERSION = 1.0;
				PRODUCT_BUNDLE_IDENTIFIER = alter.alteringTests;
				PRODUCT_NAME = "$(TARGET_NAME)";
				SWIFT_EMIT_LOC_STRINGS = NO;
				SWIFT_VERSION = 5.0;
				TARGETED_DEVICE_FAMILY = "1,2";
				TEST_HOST = "$(BUILT_PRODUCTS_DIR)/altering.app/$(BUNDLE_EXECUTABLE_FOLDER_PATH)/altering";
			};
			name = Debug;
		};
		A6BD32342BBC6CD30017FBCF /* Release */ = {
			isa = XCBuildConfiguration;
			buildSettings = {
				ALWAYS_EMBED_SWIFT_STANDARD_LIBRARIES = YES;
				BUNDLE_LOADER = "$(TEST_HOST)";
				CODE_SIGN_STYLE = Automatic;
				CURRENT_PROJECT_VERSION = 1;
				DEVELOPMENT_TEAM = ZJVE8XU9RD;
				GENERATE_INFOPLIST_FILE = YES;
				IPHONEOS_DEPLOYMENT_TARGET = 17.4;
				MARKETING_VERSION = 1.0;
				PRODUCT_BUNDLE_IDENTIFIER = alter.alteringTests;
				PRODUCT_NAME = "$(TARGET_NAME)";
				SWIFT_EMIT_LOC_STRINGS = NO;
				SWIFT_VERSION = 5.0;
				TARGETED_DEVICE_FAMILY = "1,2";
				TEST_HOST = "$(BUILT_PRODUCTS_DIR)/altering.app/$(BUNDLE_EXECUTABLE_FOLDER_PATH)/altering";
			};
			name = Release;
		};
		A6BD32362BBC6CD30017FBCF /* Debug */ = {
			isa = XCBuildConfiguration;
			buildSettings = {
				ALWAYS_EMBED_SWIFT_STANDARD_LIBRARIES = YES;
				CODE_SIGN_STYLE = Automatic;
				CURRENT_PROJECT_VERSION = 1;
				DEVELOPMENT_TEAM = ZJVE8XU9RD;
				GENERATE_INFOPLIST_FILE = YES;
				MARKETING_VERSION = 1.0;
				PRODUCT_BUNDLE_IDENTIFIER = alter.alteringUITests;
				PRODUCT_NAME = "$(TARGET_NAME)";
				SWIFT_EMIT_LOC_STRINGS = NO;
				SWIFT_VERSION = 5.0;
				TARGETED_DEVICE_FAMILY = "1,2";
				TEST_TARGET_NAME = altering;
			};
			name = Debug;
		};
		A6BD32372BBC6CD30017FBCF /* Release */ = {
			isa = XCBuildConfiguration;
			buildSettings = {
				ALWAYS_EMBED_SWIFT_STANDARD_LIBRARIES = YES;
				CODE_SIGN_STYLE = Automatic;
				CURRENT_PROJECT_VERSION = 1;
				DEVELOPMENT_TEAM = ZJVE8XU9RD;
				GENERATE_INFOPLIST_FILE = YES;
				MARKETING_VERSION = 1.0;
				PRODUCT_BUNDLE_IDENTIFIER = alter.alteringUITests;
				PRODUCT_NAME = "$(TARGET_NAME)";
				SWIFT_EMIT_LOC_STRINGS = NO;
				SWIFT_VERSION = 5.0;
				TARGETED_DEVICE_FAMILY = "1,2";
				TEST_TARGET_NAME = altering;
			};
			name = Release;
		};
/* End XCBuildConfiguration section */

/* Begin XCConfigurationList section */
		A6BD31FD2BBC6CD00017FBCF /* Build configuration list for PBXProject "altering" */ = {
			isa = XCConfigurationList;
			buildConfigurations = (
				A6BD322D2BBC6CD30017FBCF /* Debug */,
				A6BD322E2BBC6CD30017FBCF /* Release */,
			);
			defaultConfigurationIsVisible = 0;
			defaultConfigurationName = Release;
		};
		A6BD322F2BBC6CD30017FBCF /* Build configuration list for PBXNativeTarget "Altered" */ = {
			isa = XCConfigurationList;
			buildConfigurations = (
				A6BD32302BBC6CD30017FBCF /* Debug */,
				A6BD32312BBC6CD30017FBCF /* Release */,
			);
			defaultConfigurationIsVisible = 0;
			defaultConfigurationName = Release;
		};
		A6BD32322BBC6CD30017FBCF /* Build configuration list for PBXNativeTarget "alteringTests" */ = {
			isa = XCConfigurationList;
			buildConfigurations = (
				A6BD32332BBC6CD30017FBCF /* Debug */,
				A6BD32342BBC6CD30017FBCF /* Release */,
			);
			defaultConfigurationIsVisible = 0;
			defaultConfigurationName = Release;
		};
		A6BD32352BBC6CD30017FBCF /* Build configuration list for PBXNativeTarget "alteringUITests" */ = {
			isa = XCConfigurationList;
			buildConfigurations = (
				A6BD32362BBC6CD30017FBCF /* Debug */,
				A6BD32372BBC6CD30017FBCF /* Release */,
			);
			defaultConfigurationIsVisible = 0;
			defaultConfigurationName = Release;
		};
/* End XCConfigurationList section */

/* Begin XCVersionGroup section */
		A6BD320E2BBC6CD00017FBCF /* altering.xcdatamodeld */ = {
			isa = XCVersionGroup;
			children = (
				A6BD320F2BBC6CD00017FBCF /* altering.xcdatamodel */,
			);
			currentVersion = A6BD320F2BBC6CD00017FBCF /* altering.xcdatamodel */;
			path = altering.xcdatamodeld;
			sourceTree = "<group>";
			versionGroupType = wrapper.xcdatamodel;
		};
/* End XCVersionGroup section */
	};
	rootObject = A6BD31FA2BBC6CD00017FBCF /* Project object */;
}
